{
  "name": "test",
  "version": "1.0.0",
  "lockfileVersion": 3,
  "requires": true,
  "packages": {
    "": {
      "name": "test",
      "version": "1.0.0",
      "license": "ISC",
      "dependencies": {
        "log-rank": "file:../log-rank-1.0.0.tgz"
      }
    },
    "node_modules/log-rank": {
      "version": "1.0.0",
      "resolved": "file:../log-rank-1.0.0.tgz",
      "integrity": "sha512-leWKG1zekFm87LrbjiPU1gN2/LkWjdhTKbpe4rlKLIk+WQHoGuVYNEw+OzSA/9PdSf9dFqPMlitjYTX0a6dUfA==",
      "license": "ISC"
    }
  }
}
