{
  "name": "test",
  "version": "1.0.0",
  "lockfileVersion": 3,
  "requires": true,
  "packages": {
    "": {
      "name": "test",
      "version": "1.0.0",
      "license": "ISC",
      "dependencies": {
        "log-rank": "file:../log-rank-1.0.1.tgz"
      }
    },
    "node_modules/log-rank": {
      "version": "1.0.1",
      "resolved": "file:../log-rank-1.0.1.tgz",
      "integrity": "sha512-QJuMfcRudsUundsYM7OHES+AAUIXA89QvlRovRXLTQ/bVC0N7HuA6bnBO601NmjqChBYyDpRB4r/3uuCgw4XVQ==",
      "license": "ISC"
    }
  }
}
